
Microsoft Visual Studio Solution File, Format Version 12.00
# Visual Studio 15
VisualStudioVersion = 15.0.27703.2026
MinimumVisualStudioVersion = 10.0.40219.1
Project("{FAE04EC0-301F-11D3-BF4B-00C04F79EFBC}") = "TravelRecord.Android", "TravelRecord\TravelRecord.Android\TravelRecord.Android.csproj", "{10235094-25A3-40F3-8FF5-52C0E26A56FA}"
EndProject
Project("{FAE04EC0-301F-11D3-BF4B-00C04F79EFBC}") = "TravelRecord.iOS", "TravelRecord\TravelRecord.iOS\TravelRecord.iOS.csproj", "{5768AC22-957B-4165-B4AB-9C9C20B010EA}"
EndProject
Project("{FAE04EC0-301F-11D3-BF4B-00C04F79EFBC}") = "TravelRecord.UWP", "TravelRecord\TravelRecord.UWP\TravelRecord.UWP.csproj", "{C7FC0B2E-4D57-4241-B056-36E64C5525E2}"
EndProject
Project("{FAE04EC0-301F-11D3-BF4B-00C04F79EFBC}") = "TravelRecord", "TravelRecord\TravelRecord\TravelRecord.csproj", "{C4C83136-303F-45AD-9774-7867826CEA0F}"
EndProject
Global
	GlobalSection(SolutionConfigurationPlatforms) = preSolution
		Ad-Hoc|Any CPU = Ad-Hoc|Any CPU
		Ad-Hoc|ARM = Ad-Hoc|ARM
		Ad-Hoc|iPhone = Ad-Hoc|iPhone
		Ad-Hoc|iPhoneSimulator = Ad-Hoc|iPhoneSimulator
		Ad-Hoc|x64 = Ad-Hoc|x64
		Ad-Hoc|x86 = Ad-Hoc|x86
		AppStore|Any CPU = AppStore|Any CPU
		AppStore|ARM = AppStore|ARM
		AppStore|iPhone = AppStore|iPhone
		AppStore|iPhoneSimulator = AppStore|iPhoneSimulator
		AppStore|x64 = AppStore|x64
		AppStore|x86 = AppStore|x86
		Debug|Any CPU = Debug|Any CPU
		Debug|ARM = Debug|ARM
		Debug|iPhone = Debug|iPhone
		Debug|iPhoneSimulator = Debug|iPhoneSimulator
		Debug|x64 = Debug|x64
		Debug|x86 = Debug|x86
		Release|Any CPU = Release|Any CPU
		Release|ARM = Release|ARM
		Release|iPhone = Release|iPhone
		Release|iPhoneSimulator = Release|iPhoneSimulator
		Release|x64 = Release|x64
		Release|x86 = Release|x86
	EndGlobalSection
	GlobalSection(ProjectConfigurationPlatforms) = postSolution
		{10235094-25A3-40F3-8FF5-52C0E26A56FA}.Ad-Hoc|Any CPU.ActiveCfg = Release|Any CPU
		{10235094-25A3-40F3-8FF5-52C0E26A56FA}.Ad-Hoc|Any CPU.Build.0 = Release|Any CPU
		{10235094-25A3-40F3-8FF5-52C0E26A56FA}.Ad-Hoc|Any CPU.Deploy.0 = Release|Any CPU
		{10235094-25A3-40F3-8FF5-52C0E26A56FA}.Ad-Hoc|ARM.ActiveCfg = Release|Any CPU
		{10235094-25A3-40F3-8FF5-52C0E26A56FA}.Ad-Hoc|ARM.Build.0 = Release|Any CPU
		{10235094-25A3-40F3-8FF5-52C0E26A56FA}.Ad-Hoc|ARM.Deploy.0 = Release|Any CPU
		{10235094-25A3-40F3-8FF5-52C0E26A56FA}.Ad-Hoc|iPhone.ActiveCfg = Release|Any CPU
		{10235094-25A3-40F3-8FF5-52C0E26A56FA}.Ad-Hoc|iPhone.Build.0 = Release|Any CPU
		{10235094-25A3-40F3-8FF5-52C0E26A56FA}.Ad-Hoc|iPhone.Deploy.0 = Release|Any CPU
		{10235094-25A3-40F3-8FF5-52C0E26A56FA}.Ad-Hoc|iPhoneSimulator.ActiveCfg = Release|Any CPU
		{10235094-25A3-40F3-8FF5-52C0E26A56FA}.Ad-Hoc|iPhoneSimulator.Build.0 = Release|Any CPU
		{10235094-25A3-40F3-8FF5-52C0E26A56FA}.Ad-Hoc|iPhoneSimulator.Deploy.0 = Release|Any CPU
		{10235094-25A3-40F3-8FF5-52C0E26A56FA}.Ad-Hoc|x64.ActiveCfg = Release|Any CPU
		{10235094-25A3-40F3-8FF5-52C0E26A56FA}.Ad-Hoc|x64.Build.0 = Release|Any CPU
		{10235094-25A3-40F3-8FF5-52C0E26A56FA}.Ad-Hoc|x64.Deploy.0 = Release|Any CPU
		{10235094-25A3-40F3-8FF5-52C0E26A56FA}.Ad-Hoc|x86.ActiveCfg = Release|Any CPU
		{10235094-25A3-40F3-8FF5-52C0E26A56FA}.Ad-Hoc|x86.Build.0 = Release|Any CPU
		{10235094-25A3-40F3-8FF5-52C0E26A56FA}.Ad-Hoc|x86.Deploy.0 = Release|Any CPU
		{10235094-25A3-40F3-8FF5-52C0E26A56FA}.AppStore|Any CPU.ActiveCfg = Release|Any CPU
		{10235094-25A3-40F3-8FF5-52C0E26A56FA}.AppStore|Any CPU.Build.0 = Release|Any CPU
		{10235094-25A3-40F3-8FF5-52C0E26A56FA}.AppStore|Any CPU.Deploy.0 = Release|Any CPU
		{10235094-25A3-40F3-8FF5-52C0E26A56FA}.AppStore|ARM.ActiveCfg = Release|Any CPU
		{10235094-25A3-40F3-8FF5-52C0E26A56FA}.AppStore|ARM.Build.0 = Release|Any CPU
		{10235094-25A3-40F3-8FF5-52C0E26A56FA}.AppStore|ARM.Deploy.0 = Release|Any CPU
		{10235094-25A3-40F3-8FF5-52C0E26A56FA}.AppStore|iPhone.ActiveCfg = Release|Any CPU
		{10235094-25A3-40F3-8FF5-52C0E26A56FA}.AppStore|iPhone.Build.0 = Release|Any CPU
		{10235094-25A3-40F3-8FF5-52C0E26A56FA}.AppStore|iPhone.Deploy.0 = Release|Any CPU
		{10235094-25A3-40F3-8FF5-52C0E26A56FA}.AppStore|iPhoneSimulator.ActiveCfg = Release|Any CPU
		{10235094-25A3-40F3-8FF5-52C0E26A56FA}.AppStore|iPhoneSimulator.Build.0 = Release|Any CPU
		{10235094-25A3-40F3-8FF5-52C0E26A56FA}.AppStore|iPhoneSimulator.Deploy.0 = Release|Any CPU
		{10235094-25A3-40F3-8FF5-52C0E26A56FA}.AppStore|x64.ActiveCfg = Release|Any CPU
		{10235094-25A3-40F3-8FF5-52C0E26A56FA}.AppStore|x64.Build.0 = Release|Any CPU
		{10235094-25A3-40F3-8FF5-52C0E26A56FA}.AppStore|x64.Deploy.0 = Release|Any CPU
		{10235094-25A3-40F3-8FF5-52C0E26A56FA}.AppStore|x86.ActiveCfg = Release|Any CPU
		{10235094-25A3-40F3-8FF5-52C0E26A56FA}.AppStore|x86.Build.0 = Release|Any CPU
		{10235094-25A3-40F3-8FF5-52C0E26A56FA}.AppStore|x86.Deploy.0 = Release|Any CPU
		{10235094-25A3-40F3-8FF5-52C0E26A56FA}.Debug|Any CPU.ActiveCfg = Debug|Any CPU
		{10235094-25A3-40F3-8FF5-52C0E26A56FA}.Debug|Any CPU.Build.0 = Debug|Any CPU
		{10235094-25A3-40F3-8FF5-52C0E26A56FA}.Debug|Any CPU.Deploy.0 = Debug|Any CPU
		{10235094-25A3-40F3-8FF5-52C0E26A56FA}.Debug|ARM.ActiveCfg = Debug|Any CPU
		{10235094-25A3-40F3-8FF5-52C0E26A56FA}.Debug|ARM.Build.0 = Debug|Any CPU
		{10235094-25A3-40F3-8FF5-52C0E26A56FA}.Debug|ARM.Deploy.0 = Debug|Any CPU
		{10235094-25A3-40F3-8FF5-52C0E26A56FA}.Debug|iPhone.ActiveCfg = Debug|Any CPU
		{10235094-25A3-40F3-8FF5-52C0E26A56FA}.Debug|iPhone.Build.0 = Debug|Any CPU
		{10235094-25A3-40F3-8FF5-52C0E26A56FA}.Debug|iPhone.Deploy.0 = Debug|Any CPU
		{10235094-25A3-40F3-8FF5-52C0E26A56FA}.Debug|iPhoneSimulator.ActiveCfg = Debug|Any CPU
		{10235094-25A3-40F3-8FF5-52C0E26A56FA}.Debug|iPhoneSimulator.Build.0 = Debug|Any CPU
		{10235094-25A3-40F3-8FF5-52C0E26A56FA}.Debug|iPhoneSimulator.Deploy.0 = Debug|Any CPU
		{10235094-25A3-40F3-8FF5-52C0E26A56FA}.Debug|x64.ActiveCfg = Debug|Any CPU
		{10235094-25A3-40F3-8FF5-52C0E26A56FA}.Debug|x64.Build.0 = Debug|Any CPU
		{10235094-25A3-40F3-8FF5-52C0E26A56FA}.Debug|x64.Deploy.0 = Debug|Any CPU
		{10235094-25A3-40F3-8FF5-52C0E26A56FA}.Debug|x86.ActiveCfg = Debug|Any CPU
		{10235094-25A3-40F3-8FF5-52C0E26A56FA}.Debug|x86.Build.0 = Debug|Any CPU
		{10235094-25A3-40F3-8FF5-52C0E26A56FA}.Debug|x86.Deploy.0 = Debug|Any CPU
		{10235094-25A3-40F3-8FF5-52C0E26A56FA}.Release|Any CPU.ActiveCfg = Release|Any CPU
		{10235094-25A3-40F3-8FF5-52C0E26A56FA}.Release|Any CPU.Build.0 = Release|Any CPU
		{10235094-25A3-40F3-8FF5-52C0E26A56FA}.Release|Any CPU.Deploy.0 = Release|Any CPU
		{10235094-25A3-40F3-8FF5-52C0E26A56FA}.Release|ARM.ActiveCfg = Release|Any CPU
		{10235094-25A3-40F3-8FF5-52C0E26A56FA}.Release|ARM.Build.0 = Release|Any CPU
		{10235094-25A3-40F3-8FF5-52C0E26A56FA}.Release|ARM.Deploy.0 = Release|Any CPU
		{10235094-25A3-40F3-8FF5-52C0E26A56FA}.Release|iPhone.ActiveCfg = Release|Any CPU
		{10235094-25A3-40F3-8FF5-52C0E26A56FA}.Release|iPhone.Build.0 = Release|Any CPU
		{10235094-25A3-40F3-8FF5-52C0E26A56FA}.Release|iPhone.Deploy.0 = Release|Any CPU
		{10235094-25A3-40F3-8FF5-52C0E26A56FA}.Release|iPhoneSimulator.ActiveCfg = Release|Any CPU
		{10235094-25A3-40F3-8FF5-52C0E26A56FA}.Release|iPhoneSimulator.Build.0 = Release|Any CPU
		{10235094-25A3-40F3-8FF5-52C0E26A56FA}.Release|iPhoneSimulator.Deploy.0 = Release|Any CPU
		{10235094-25A3-40F3-8FF5-52C0E26A56FA}.Release|x64.ActiveCfg = Release|Any CPU
		{10235094-25A3-40F3-8FF5-52C0E26A56FA}.Release|x64.Build.0 = Release|Any CPU
		{10235094-25A3-40F3-8FF5-52C0E26A56FA}.Release|x64.Deploy.0 = Release|Any CPU
		{10235094-25A3-40F3-8FF5-52C0E26A56FA}.Release|x86.ActiveCfg = Release|Any CPU
		{10235094-25A3-40F3-8FF5-52C0E26A56FA}.Release|x86.Build.0 = Release|Any CPU
		{10235094-25A3-40F3-8FF5-52C0E26A56FA}.Release|x86.Deploy.0 = Release|Any CPU
		{5768AC22-957B-4165-B4AB-9C9C20B010EA}.Ad-Hoc|Any CPU.ActiveCfg = Ad-Hoc|iPhone
		{5768AC22-957B-4165-B4AB-9C9C20B010EA}.Ad-Hoc|Any CPU.Build.0 = Ad-Hoc|iPhone
		{5768AC22-957B-4165-B4AB-9C9C20B010EA}.Ad-Hoc|Any CPU.Deploy.0 = Ad-Hoc|iPhone
		{5768AC22-957B-4165-B4AB-9C9C20B010EA}.Ad-Hoc|ARM.ActiveCfg = Ad-Hoc|iPhone
		{5768AC22-957B-4165-B4AB-9C9C20B010EA}.Ad-Hoc|ARM.Build.0 = Ad-Hoc|iPhone
		{5768AC22-957B-4165-B4AB-9C9C20B010EA}.Ad-Hoc|ARM.Deploy.0 = Ad-Hoc|iPhone
		{5768AC22-957B-4165-B4AB-9C9C20B010EA}.Ad-Hoc|iPhone.ActiveCfg = Ad-Hoc|iPhone
		{5768AC22-957B-4165-B4AB-9C9C20B010EA}.Ad-Hoc|iPhone.Build.0 = Ad-Hoc|iPhone
		{5768AC22-957B-4165-B4AB-9C9C20B010EA}.Ad-Hoc|iPhone.Deploy.0 = Ad-Hoc|iPhone
		{5768AC22-957B-4165-B4AB-9C9C20B010EA}.Ad-Hoc|iPhoneSimulator.ActiveCfg = Ad-Hoc|iPhoneSimulator
		{5768AC22-957B-4165-B4AB-9C9C20B010EA}.Ad-Hoc|iPhoneSimulator.Build.0 = Ad-Hoc|iPhoneSimulator
		{5768AC22-957B-4165-B4AB-9C9C20B010EA}.Ad-Hoc|iPhoneSimulator.Deploy.0 = Ad-Hoc|iPhoneSimulator
		{5768AC22-957B-4165-B4AB-9C9C20B010EA}.Ad-Hoc|x64.ActiveCfg = Ad-Hoc|iPhone
		{5768AC22-957B-4165-B4AB-9C9C20B010EA}.Ad-Hoc|x64.Build.0 = Ad-Hoc|iPhone
		{5768AC22-957B-4165-B4AB-9C9C20B010EA}.Ad-Hoc|x64.Deploy.0 = Ad-Hoc|iPhone
		{5768AC22-957B-4165-B4AB-9C9C20B010EA}.Ad-Hoc|x86.ActiveCfg = Ad-Hoc|iPhone
		{5768AC22-957B-4165-B4AB-9C9C20B010EA}.Ad-Hoc|x86.Build.0 = Ad-Hoc|iPhone
		{5768AC22-957B-4165-B4AB-9C9C20B010EA}.Ad-Hoc|x86.Deploy.0 = Ad-Hoc|iPhone
		{5768AC22-957B-4165-B4AB-9C9C20B010EA}.AppStore|Any CPU.ActiveCfg = AppStore|iPhone
		{5768AC22-957B-4165-B4AB-9C9C20B010EA}.AppStore|Any CPU.Build.0 = AppStore|iPhone
		{5768AC22-957B-4165-B4AB-9C9C20B010EA}.AppStore|Any CPU.Deploy.0 = AppStore|iPhone
		{5768AC22-957B-4165-B4AB-9C9C20B010EA}.AppStore|ARM.ActiveCfg = AppStore|iPhone
		{5768AC22-957B-4165-B4AB-9C9C20B010EA}.AppStore|ARM.Build.0 = AppStore|iPhone
		{5768AC22-957B-4165-B4AB-9C9C20B010EA}.AppStore|ARM.Deploy.0 = AppStore|iPhone
		{5768AC22-957B-4165-B4AB-9C9C20B010EA}.AppStore|iPhone.ActiveCfg = AppStore|iPhone
		{5768AC22-957B-4165-B4AB-9C9C20B010EA}.AppStore|iPhone.Build.0 = AppStore|iPhone
		{5768AC22-957B-4165-B4AB-9C9C20B010EA}.AppStore|iPhone.Deploy.0 = AppStore|iPhone
		{5768AC22-957B-4165-B4AB-9C9C20B010EA}.AppStore|iPhoneSimulator.ActiveCfg = AppStore|iPhoneSimulator
		{5768AC22-957B-4165-B4AB-9C9C20B010EA}.AppStore|iPhoneSimulator.Build.0 = AppStore|iPhoneSimulator
		{5768AC22-957B-4165-B4AB-9C9C20B010EA}.AppStore|iPhoneSimulator.Deploy.0 = AppStore|iPhoneSimulator
		{5768AC22-957B-4165-B4AB-9C9C20B010EA}.AppStore|x64.ActiveCfg = AppStore|iPhone
		{5768AC22-957B-4165-B4AB-9C9C20B010EA}.AppStore|x64.Build.0 = AppStore|iPhone
		{5768AC22-957B-4165-B4AB-9C9C20B010EA}.AppStore|x64.Deploy.0 = AppStore|iPhone
		{5768AC22-957B-4165-B4AB-9C9C20B010EA}.AppStore|x86.ActiveCfg = AppStore|iPhone
		{5768AC22-957B-4165-B4AB-9C9C20B010EA}.AppStore|x86.Build.0 = AppStore|iPhone
		{5768AC22-957B-4165-B4AB-9C9C20B010EA}.AppStore|x86.Deploy.0 = AppStore|iPhone
		{5768AC22-957B-4165-B4AB-9C9C20B010EA}.Debug|Any CPU.ActiveCfg = Debug|iPhoneSimulator
		{5768AC22-957B-4165-B4AB-9C9C20B010EA}.Debug|Any CPU.Build.0 = Debug|iPhoneSimulator
		{5768AC22-957B-4165-B4AB-9C9C20B010EA}.Debug|Any CPU.Deploy.0 = Debug|iPhoneSimulator
		{5768AC22-957B-4165-B4AB-9C9C20B010EA}.Debug|ARM.ActiveCfg = Debug|iPhone
		{5768AC22-957B-4165-B4AB-9C9C20B010EA}.Debug|ARM.Build.0 = Debug|iPhone
		{5768AC22-957B-4165-B4AB-9C9C20B010EA}.Debug|ARM.Deploy.0 = Debug|iPhone
		{5768AC22-957B-4165-B4AB-9C9C20B010EA}.Debug|iPhone.ActiveCfg = Debug|iPhone
		{5768AC22-957B-4165-B4AB-9C9C20B010EA}.Debug|iPhone.Build.0 = Debug|iPhone
		{5768AC22-957B-4165-B4AB-9C9C20B010EA}.Debug|iPhone.Deploy.0 = Debug|iPhone
		{5768AC22-957B-4165-B4AB-9C9C20B010EA}.Debug|iPhoneSimulator.ActiveCfg = Debug|iPhoneSimulator
		{5768AC22-957B-4165-B4AB-9C9C20B010EA}.Debug|iPhoneSimulator.Build.0 = Debug|iPhoneSimulator
		{5768AC22-957B-4165-B4AB-9C9C20B010EA}.Debug|iPhoneSimulator.Deploy.0 = Debug|iPhoneSimulator
		{5768AC22-957B-4165-B4AB-9C9C20B010EA}.Debug|x64.ActiveCfg = Debug|iPhone
		{5768AC22-957B-4165-B4AB-9C9C20B010EA}.Debug|x64.Build.0 = Debug|iPhone
		{5768AC22-957B-4165-B4AB-9C9C20B010EA}.Debug|x64.Deploy.0 = Debug|iPhone
		{5768AC22-957B-4165-B4AB-9C9C20B010EA}.Debug|x86.ActiveCfg = Debug|iPhone
		{5768AC22-957B-4165-B4AB-9C9C20B010EA}.Debug|x86.Build.0 = Debug|iPhone
		{5768AC22-957B-4165-B4AB-9C9C20B010EA}.Debug|x86.Deploy.0 = Debug|iPhone
		{5768AC22-957B-4165-B4AB-9C9C20B010EA}.Release|Any CPU.ActiveCfg = Release|iPhone
		{5768AC22-957B-4165-B4AB-9C9C20B010EA}.Release|Any CPU.Build.0 = Release|iPhone
		{5768AC22-957B-4165-B4AB-9C9C20B010EA}.Release|Any CPU.Deploy.0 = Release|iPhone
		{5768AC22-957B-4165-B4AB-9C9C20B010EA}.Release|ARM.ActiveCfg = Release|iPhone
		{5768AC22-957B-4165-B4AB-9C9C20B010EA}.Release|ARM.Build.0 = Release|iPhone
		{5768AC22-957B-4165-B4AB-9C9C20B010EA}.Release|ARM.Deploy.0 = Release|iPhone
		{5768AC22-957B-4165-B4AB-9C9C20B010EA}.Release|iPhone.ActiveCfg = Release|iPhone
		{5768AC22-957B-4165-B4AB-9C9C20B010EA}.Release|iPhone.Build.0 = Release|iPhone
		{5768AC22-957B-4165-B4AB-9C9C20B010EA}.Release|iPhone.Deploy.0 = Release|iPhone
		{5768AC22-957B-4165-B4AB-9C9C20B010EA}.Release|iPhoneSimulator.ActiveCfg = Release|iPhoneSimulator
		{5768AC22-957B-4165-B4AB-9C9C20B010EA}.Release|iPhoneSimulator.Build.0 = Release|iPhoneSimulator
		{5768AC22-957B-4165-B4AB-9C9C20B010EA}.Release|iPhoneSimulator.Deploy.0 = Release|iPhoneSimulator
		{5768AC22-957B-4165-B4AB-9C9C20B010EA}.Release|x64.ActiveCfg = Release|iPhone
		{5768AC22-957B-4165-B4AB-9C9C20B010EA}.Release|x64.Build.0 = Release|iPhone
		{5768AC22-957B-4165-B4AB-9C9C20B010EA}.Release|x64.Deploy.0 = Release|iPhone
		{5768AC22-957B-4165-B4AB-9C9C20B010EA}.Release|x86.ActiveCfg = Release|iPhone
		{5768AC22-957B-4165-B4AB-9C9C20B010EA}.Release|x86.Build.0 = Release|iPhone
		{5768AC22-957B-4165-B4AB-9C9C20B010EA}.Release|x86.Deploy.0 = Release|iPhone
		{C7FC0B2E-4D57-4241-B056-36E64C5525E2}.Ad-Hoc|Any CPU.ActiveCfg = Release|x86
		{C7FC0B2E-4D57-4241-B056-36E64C5525E2}.Ad-Hoc|Any CPU.Build.0 = Release|x86
		{C7FC0B2E-4D57-4241-B056-36E64C5525E2}.Ad-Hoc|Any CPU.Deploy.0 = Release|x86
		{C7FC0B2E-4D57-4241-B056-36E64C5525E2}.Ad-Hoc|ARM.ActiveCfg = Release|ARM
		{C7FC0B2E-4D57-4241-B056-36E64C5525E2}.Ad-Hoc|ARM.Build.0 = Release|ARM
		{C7FC0B2E-4D57-4241-B056-36E64C5525E2}.Ad-Hoc|ARM.Deploy.0 = Release|ARM
		{C7FC0B2E-4D57-4241-B056-36E64C5525E2}.Ad-Hoc|iPhone.ActiveCfg = Release|x86
		{C7FC0B2E-4D57-4241-B056-36E64C5525E2}.Ad-Hoc|iPhone.Build.0 = Release|x86
		{C7FC0B2E-4D57-4241-B056-36E64C5525E2}.Ad-Hoc|iPhone.Deploy.0 = Release|x86
		{C7FC0B2E-4D57-4241-B056-36E64C5525E2}.Ad-Hoc|iPhoneSimulator.ActiveCfg = Release|x86
		{C7FC0B2E-4D57-4241-B056-36E64C5525E2}.Ad-Hoc|iPhoneSimulator.Build.0 = Release|x86
		{C7FC0B2E-4D57-4241-B056-36E64C5525E2}.Ad-Hoc|iPhoneSimulator.Deploy.0 = Release|x86
		{C7FC0B2E-4D57-4241-B056-36E64C5525E2}.Ad-Hoc|x64.ActiveCfg = Release|x64
		{C7FC0B2E-4D57-4241-B056-36E64C5525E2}.Ad-Hoc|x64.Build.0 = Release|x64
		{C7FC0B2E-4D57-4241-B056-36E64C5525E2}.Ad-Hoc|x64.Deploy.0 = Release|x64
		{C7FC0B2E-4D57-4241-B056-36E64C5525E2}.Ad-Hoc|x86.ActiveCfg = Release|x86
		{C7FC0B2E-4D57-4241-B056-36E64C5525E2}.Ad-Hoc|x86.Build.0 = Release|x86
		{C7FC0B2E-4D57-4241-B056-36E64C5525E2}.Ad-Hoc|x86.Deploy.0 = Release|x86
		{C7FC0B2E-4D57-4241-B056-36E64C5525E2}.AppStore|Any CPU.ActiveCfg = Release|x86
		{C7FC0B2E-4D57-4241-B056-36E64C5525E2}.AppStore|Any CPU.Build.0 = Release|x86
		{C7FC0B2E-4D57-4241-B056-36E64C5525E2}.AppStore|Any CPU.Deploy.0 = Release|x86
		{C7FC0B2E-4D57-4241-B056-36E64C5525E2}.AppStore|ARM.ActiveCfg = Release|ARM
		{C7FC0B2E-4D57-4241-B056-36E64C5525E2}.AppStore|ARM.Build.0 = Release|ARM
		{C7FC0B2E-4D57-4241-B056-36E64C5525E2}.AppStore|ARM.Deploy.0 = Release|ARM
		{C7FC0B2E-4D57-4241-B056-36E64C5525E2}.AppStore|iPhone.ActiveCfg = Release|x86
		{C7FC0B2E-4D57-4241-B056-36E64C5525E2}.AppStore|iPhone.Build.0 = Release|x86
		{C7FC0B2E-4D57-4241-B056-36E64C5525E2}.AppStore|iPhone.Deploy.0 = Release|x86
		{C7FC0B2E-4D57-4241-B056-36E64C5525E2}.AppStore|iPhoneSimulator.ActiveCfg = Release|x86
		{C7FC0B2E-4D57-4241-B056-36E64C5525E2}.AppStore|iPhoneSimulator.Build.0 = Release|x86
		{C7FC0B2E-4D57-4241-B056-36E64C5525E2}.AppStore|iPhoneSimulator.Deploy.0 = Release|x86
		{C7FC0B2E-4D57-4241-B056-36E64C5525E2}.AppStore|x64.ActiveCfg = Release|x64
		{C7FC0B2E-4D57-4241-B056-36E64C5525E2}.AppStore|x64.Build.0 = Release|x64
		{C7FC0B2E-4D57-4241-B056-36E64C5525E2}.AppStore|x64.Deploy.0 = Release|x64
		{C7FC0B2E-4D57-4241-B056-36E64C5525E2}.AppStore|x86.ActiveCfg = Release|x86
		{C7FC0B2E-4D57-4241-B056-36E64C5525E2}.AppStore|x86.Build.0 = Release|x86
		{C7FC0B2E-4D57-4241-B056-36E64C5525E2}.AppStore|x86.Deploy.0 = Release|x86
		{C7FC0B2E-4D57-4241-B056-36E64C5525E2}.Debug|Any CPU.ActiveCfg = Debug|x86
		{C7FC0B2E-4D57-4241-B056-36E64C5525E2}.Debug|Any CPU.Build.0 = Debug|x86
		{C7FC0B2E-4D57-4241-B056-36E64C5525E2}.Debug|Any CPU.Deploy.0 = Debug|x86
		{C7FC0B2E-4D57-4241-B056-36E64C5525E2}.Debug|ARM.ActiveCfg = Debug|ARM
		{C7FC0B2E-4D57-4241-B056-36E64C5525E2}.Debug|ARM.Build.0 = Debug|ARM
		{C7FC0B2E-4D57-4241-B056-36E64C5525E2}.Debug|ARM.Deploy.0 = Debug|ARM
		{C7FC0B2E-4D57-4241-B056-36E64C5525E2}.Debug|iPhone.ActiveCfg = Debug|x86
		{C7FC0B2E-4D57-4241-B056-36E64C5525E2}.Debug|iPhone.Build.0 = Debug|x86
		{C7FC0B2E-4D57-4241-B056-36E64C5525E2}.Debug|iPhone.Deploy.0 = Debug|x86
		{C7FC0B2E-4D57-4241-B056-36E64C5525E2}.Debug|iPhoneSimulator.ActiveCfg = Debug|x86
		{C7FC0B2E-4D57-4241-B056-36E64C5525E2}.Debug|iPhoneSimulator.Build.0 = Debug|x86
		{C7FC0B2E-4D57-4241-B056-36E64C5525E2}.Debug|iPhoneSimulator.Deploy.0 = Debug|x86
		{C7FC0B2E-4D57-4241-B056-36E64C5525E2}.Debug|x64.ActiveCfg = Debug|x64
		{C7FC0B2E-4D57-4241-B056-36E64C5525E2}.Debug|x64.Build.0 = Debug|x64
		{C7FC0B2E-4D57-4241-B056-36E64C5525E2}.Debug|x64.Deploy.0 = Debug|x64
		{C7FC0B2E-4D57-4241-B056-36E64C5525E2}.Debug|x86.ActiveCfg = Debug|x86
		{C7FC0B2E-4D57-4241-B056-36E64C5525E2}.Debug|x86.Build.0 = Debug|x86
		{C7FC0B2E-4D57-4241-B056-36E64C5525E2}.Debug|x86.Deploy.0 = Debug|x86
		{C7FC0B2E-4D57-4241-B056-36E64C5525E2}.Release|Any CPU.ActiveCfg = Release|x86
		{C7FC0B2E-4D57-4241-B056-36E64C5525E2}.Release|Any CPU.Build.0 = Release|x86
		{C7FC0B2E-4D57-4241-B056-36E64C5525E2}.Release|Any CPU.Deploy.0 = Release|x86
		{C7FC0B2E-4D57-4241-B056-36E64C5525E2}.Release|ARM.ActiveCfg = Release|ARM
		{C7FC0B2E-4D57-4241-B056-36E64C5525E2}.Release|ARM.Build.0 = Release|ARM
		{C7FC0B2E-4D57-4241-B056-36E64C5525E2}.Release|ARM.Deploy.0 = Release|ARM
		{C7FC0B2E-4D57-4241-B056-36E64C5525E2}.Release|iPhone.ActiveCfg = Release|x86
		{C7FC0B2E-4D57-4241-B056-36E64C5525E2}.Release|iPhone.Build.0 = Release|x86
		{C7FC0B2E-4D57-4241-B056-36E64C5525E2}.Release|iPhone.Deploy.0 = Release|x86
		{C7FC0B2E-4D57-4241-B056-36E64C5525E2}.Release|iPhoneSimulator.ActiveCfg = Release|x86
		{C7FC0B2E-4D57-4241-B056-36E64C5525E2}.Release|iPhoneSimulator.Build.0 = Release|x86
		{C7FC0B2E-4D57-4241-B056-36E64C5525E2}.Release|iPhoneSimulator.Deploy.0 = Release|x86
		{C7FC0B2E-4D57-4241-B056-36E64C5525E2}.Release|x64.ActiveCfg = Release|x64
		{C7FC0B2E-4D57-4241-B056-36E64C5525E2}.Release|x64.Build.0 = Release|x64
		{C7FC0B2E-4D57-4241-B056-36E64C5525E2}.Release|x64.Deploy.0 = Release|x64
		{C7FC0B2E-4D57-4241-B056-36E64C5525E2}.Release|x86.ActiveCfg = Release|x86
		{C7FC0B2E-4D57-4241-B056-36E64C5525E2}.Release|x86.Build.0 = Release|x86
		{C7FC0B2E-4D57-4241-B056-36E64C5525E2}.Release|x86.Deploy.0 = Release|x86
		{C4C83136-303F-45AD-9774-7867826CEA0F}.Ad-Hoc|Any CPU.ActiveCfg = Debug|Any CPU
		{C4C83136-303F-45AD-9774-7867826CEA0F}.Ad-Hoc|Any CPU.Build.0 = Debug|Any CPU
		{C4C83136-303F-45AD-9774-7867826CEA0F}.Ad-Hoc|Any CPU.Deploy.0 = Debug|Any CPU
		{C4C83136-303F-45AD-9774-7867826CEA0F}.Ad-Hoc|ARM.ActiveCfg = Debug|Any CPU
		{C4C83136-303F-45AD-9774-7867826CEA0F}.Ad-Hoc|ARM.Build.0 = Debug|Any CPU
		{C4C83136-303F-45AD-9774-7867826CEA0F}.Ad-Hoc|ARM.Deploy.0 = Debug|Any CPU
		{C4C83136-303F-45AD-9774-7867826CEA0F}.Ad-Hoc|iPhone.ActiveCfg = Debug|Any CPU
		{C4C83136-303F-45AD-9774-7867826CEA0F}.Ad-Hoc|iPhone.Build.0 = Debug|Any CPU
		{C4C83136-303F-45AD-9774-7867826CEA0F}.Ad-Hoc|iPhone.Deploy.0 = Debug|Any CPU
		{C4C83136-303F-45AD-9774-7867826CEA0F}.Ad-Hoc|iPhoneSimulator.ActiveCfg = Debug|Any CPU
		{C4C83136-303F-45AD-9774-7867826CEA0F}.Ad-Hoc|iPhoneSimulator.Build.0 = Debug|Any CPU
		{C4C83136-303F-45AD-9774-7867826CEA0F}.Ad-Hoc|iPhoneSimulator.Deploy.0 = Debug|Any CPU
		{C4C83136-303F-45AD-9774-7867826CEA0F}.Ad-Hoc|x64.ActiveCfg = Debug|Any CPU
		{C4C83136-303F-45AD-9774-7867826CEA0F}.Ad-Hoc|x64.Build.0 = Debug|Any CPU
		{C4C83136-303F-45AD-9774-7867826CEA0F}.Ad-Hoc|x64.Deploy.0 = Debug|Any CPU
		{C4C83136-303F-45AD-9774-7867826CEA0F}.Ad-Hoc|x86.ActiveCfg = Debug|Any CPU
		{C4C83136-303F-45AD-9774-7867826CEA0F}.Ad-Hoc|x86.Build.0 = Debug|Any CPU
		{C4C83136-303F-45AD-9774-7867826CEA0F}.Ad-Hoc|x86.Deploy.0 = Debug|Any CPU
		{C4C83136-303F-45AD-9774-7867826CEA0F}.AppStore|Any CPU.ActiveCfg = Debug|Any CPU
		{C4C83136-303F-45AD-9774-7867826CEA0F}.AppStore|Any CPU.Build.0 = Debug|Any CPU
		{C4C83136-303F-45AD-9774-7867826CEA0F}.AppStore|Any CPU.Deploy.0 = Debug|Any CPU
		{C4C83136-303F-45AD-9774-7867826CEA0F}.AppStore|ARM.ActiveCfg = Debug|Any CPU
		{C4C83136-303F-45AD-9774-7867826CEA0F}.AppStore|ARM.Build.0 = Debug|Any CPU
		{C4C83136-303F-45AD-9774-7867826CEA0F}.AppStore|ARM.Deploy.0 = Debug|Any CPU
		{C4C83136-303F-45AD-9774-7867826CEA0F}.AppStore|iPhone.ActiveCfg = Debug|Any CPU
		{C4C83136-303F-45AD-9774-7867826CEA0F}.AppStore|iPhone.Build.0 = Debug|Any CPU
		{C4C83136-303F-45AD-9774-7867826CEA0F}.AppStore|iPhone.Deploy.0 = Debug|Any CPU
		{C4C83136-303F-45AD-9774-7867826CEA0F}.AppStore|iPhoneSimulator.ActiveCfg = Debug|Any CPU
		{C4C83136-303F-45AD-9774-7867826CEA0F}.AppStore|iPhoneSimulator.Build.0 = Debug|Any CPU
		{C4C83136-303F-45AD-9774-7867826CEA0F}.AppStore|iPhoneSimulator.Deploy.0 = Debug|Any CPU
		{C4C83136-303F-45AD-9774-7867826CEA0F}.AppStore|x64.ActiveCfg = Debug|Any CPU
		{C4C83136-303F-45AD-9774-7867826CEA0F}.AppStore|x64.Build.0 = Debug|Any CPU
		{C4C83136-303F-45AD-9774-7867826CEA0F}.AppStore|x64.Deploy.0 = Debug|Any CPU
		{C4C83136-303F-45AD-9774-7867826CEA0F}.AppStore|x86.ActiveCfg = Debug|Any CPU
		{C4C83136-303F-45AD-9774-7867826CEA0F}.AppStore|x86.Build.0 = Debug|Any CPU
		{C4C83136-303F-45AD-9774-7867826CEA0F}.AppStore|x86.Deploy.0 = Debug|Any CPU
		{C4C83136-303F-45AD-9774-7867826CEA0F}.Debug|Any CPU.ActiveCfg = Debug|Any CPU
		{C4C83136-303F-45AD-9774-7867826CEA0F}.Debug|Any CPU.Build.0 = Debug|Any CPU
		{C4C83136-303F-45AD-9774-7867826CEA0F}.Debug|Any CPU.Deploy.0 = Debug|Any CPU
		{C4C83136-303F-45AD-9774-7867826CEA0F}.Debug|ARM.ActiveCfg = Debug|Any CPU
		{C4C83136-303F-45AD-9774-7867826CEA0F}.Debug|ARM.Build.0 = Debug|Any CPU
		{C4C83136-303F-45AD-9774-7867826CEA0F}.Debug|ARM.Deploy.0 = Debug|Any CPU
		{C4C83136-303F-45AD-9774-7867826CEA0F}.Debug|iPhone.ActiveCfg = Debug|Any CPU
		{C4C83136-303F-45AD-9774-7867826CEA0F}.Debug|iPhone.Build.0 = Debug|Any CPU
		{C4C83136-303F-45AD-9774-7867826CEA0F}.Debug|iPhone.Deploy.0 = Debug|Any CPU
		{C4C83136-303F-45AD-9774-7867826CEA0F}.Debug|iPhoneSimulator.ActiveCfg = Debug|Any CPU
		{C4C83136-303F-45AD-9774-7867826CEA0F}.Debug|iPhoneSimulator.Build.0 = Debug|Any CPU
		{C4C83136-303F-45AD-9774-7867826CEA0F}.Debug|iPhoneSimulator.Deploy.0 = Debug|Any CPU
		{C4C83136-303F-45AD-9774-7867826CEA0F}.Debug|x64.ActiveCfg = Debug|Any CPU
		{C4C83136-303F-45AD-9774-7867826CEA0F}.Debug|x64.Build.0 = Debug|Any CPU
		{C4C83136-303F-45AD-9774-7867826CEA0F}.Debug|x64.Deploy.0 = Debug|Any CPU
		{C4C83136-303F-45AD-9774-7867826CEA0F}.Debug|x86.ActiveCfg = Debug|Any CPU
		{C4C83136-303F-45AD-9774-7867826CEA0F}.Debug|x86.Build.0 = Debug|Any CPU
		{C4C83136-303F-45AD-9774-7867826CEA0F}.Debug|x86.Deploy.0 = Debug|Any CPU
		{C4C83136-303F-45AD-9774-7867826CEA0F}.Release|Any CPU.ActiveCfg = Release|Any CPU
		{C4C83136-303F-45AD-9774-7867826CEA0F}.Release|Any CPU.Build.0 = Release|Any CPU
		{C4C83136-303F-45AD-9774-7867826CEA0F}.Release|Any CPU.Deploy.0 = Release|Any CPU
		{C4C83136-303F-45AD-9774-7867826CEA0F}.Release|ARM.ActiveCfg = Release|Any CPU
		{C4C83136-303F-45AD-9774-7867826CEA0F}.Release|ARM.Build.0 = Release|Any CPU
		{C4C83136-303F-45AD-9774-7867826CEA0F}.Release|ARM.Deploy.0 = Release|Any CPU
		{C4C83136-303F-45AD-9774-7867826CEA0F}.Release|iPhone.ActiveCfg = Release|Any CPU
		{C4C83136-303F-45AD-9774-7867826CEA0F}.Release|iPhone.Build.0 = Release|Any CPU
		{C4C83136-303F-45AD-9774-7867826CEA0F}.Release|iPhone.Deploy.0 = Release|Any CPU
		{C4C83136-303F-45AD-9774-7867826CEA0F}.Release|iPhoneSimulator.ActiveCfg = Release|Any CPU
		{C4C83136-303F-45AD-9774-7867826CEA0F}.Release|iPhoneSimulator.Build.0 = Release|Any CPU
		{C4C83136-303F-45AD-9774-7867826CEA0F}.Release|iPhoneSimulator.Deploy.0 = Release|Any CPU
		{C4C83136-303F-45AD-9774-7867826CEA0F}.Release|x64.ActiveCfg = Release|Any CPU
		{C4C83136-303F-45AD-9774-7867826CEA0F}.Release|x64.Build.0 = Release|Any CPU
		{C4C83136-303F-45AD-9774-7867826CEA0F}.Release|x64.Deploy.0 = Release|Any CPU
		{C4C83136-303F-45AD-9774-7867826CEA0F}.Release|x86.ActiveCfg = Release|Any CPU
		{C4C83136-303F-45AD-9774-7867826CEA0F}.Release|x86.Build.0 = Release|Any CPU
		{C4C83136-303F-45AD-9774-7867826CEA0F}.Release|x86.Deploy.0 = Release|Any CPU
	EndGlobalSection
	GlobalSection(SolutionProperties) = preSolution
		HideSolutionNode = FALSE
	EndGlobalSection
	GlobalSection(ExtensibilityGlobals) = postSolution
		SolutionGuid = {A95E9F2E-7C6A-42AA-A6C6-E2CFE0C01691}
	EndGlobalSection
EndGlobal
